
Microsoft Visual Studio Solution File, Format Version 11.00
# Visual Studio 2010
Project("{FAE04EC0-301F-11D3-BF4B-00C04F79EFBC}") = "FittingRoomMirrorV1", "Assembly-CSharp-firstpass.csproj", "{1B905C9C-AB3F-EB15-1C69-DCCCF37CD6D6}"
EndProject
Project("{FAE04EC0-301F-11D3-BF4B-00C04F79EFBC}") = "FittingRoomMirrorV1", "Assembly-CSharp.csproj", "{917ED178-424D-9B98-F277-873D6B9869B8}"
EndProject
Project("{FAE04EC0-301F-11D3-BF4B-00C04F79EFBC}") = "FittingRoomMirrorV1", "Assembly-CSharp-Editor-firstpass.csproj", "{563B0670-BFB4-89AF-D7BC-6D18CFC614A6}"
EndProject
Global
	GlobalSection(SolutionConfigurationPlatforms) = preSolution
		Debug|Any CPU = Debug|Any CPU
		Release|Any CPU = Release|Any CPU
	EndGlobalSection
	GlobalSection(ProjectConfigurationPlatforms) = postSolution
		{1B905C9C-AB3F-EB15-1C69-DCCCF37CD6D6}.Debug|Any CPU.ActiveCfg = Debug|Any CPU
		{1B905C9C-AB3F-EB15-1C69-DCCCF37CD6D6}.Debug|Any CPU.Build.0 = Debug|Any CPU
		{1B905C9C-AB3F-EB15-1C69-DCCCF37CD6D6}.Release|Any CPU.ActiveCfg = Release|Any CPU
		{1B905C9C-AB3F-EB15-1C69-DCCCF37CD6D6}.Release|Any CPU.Build.0 = Release|Any CPU
		{917ED178-424D-9B98-F277-873D6B9869B8}.Debug|Any CPU.ActiveCfg = Debug|Any CPU
		{917ED178-424D-9B98-F277-873D6B9869B8}.Debug|Any CPU.Build.0 = Debug|Any CPU
		{917ED178-424D-9B98-F277-873D6B9869B8}.Release|Any CPU.ActiveCfg = Release|Any CPU
		{917ED178-424D-9B98-F277-873D6B9869B8}.Release|Any CPU.Build.0 = Release|Any CPU
		{563B0670-BFB4-89AF-D7BC-6D18CFC614A6}.Debug|Any CPU.ActiveCfg = Debug|Any CPU
		{563B0670-BFB4-89AF-D7BC-6D18CFC614A6}.Debug|Any CPU.Build.0 = Debug|Any CPU
		{563B0670-BFB4-89AF-D7BC-6D18CFC614A6}.Release|Any CPU.ActiveCfg = Release|Any CPU
		{563B0670-BFB4-89AF-D7BC-6D18CFC614A6}.Release|Any CPU.Build.0 = Release|Any CPU
	EndGlobalSection
	GlobalSection(SolutionProperties) = preSolution
		HideSolutionNode = FALSE
	EndGlobalSection
	GlobalSection(MonoDevelopProperties) = preSolution
		StartupItem = Assembly-CSharp.csproj
	EndGlobalSection
EndGlobal
